
Microsoft Visual Studio Solution File, Format Version 12.00
# Visual Studio Version 17
VisualStudioVersion = 17.13.35931.197 d17.13
MinimumVisualStudioVersion = 10.0.40219.1
Project("{FAE04EC0-301F-11D3-BF4B-00C04F79EFBC}") = "FichasDePersonagens", "FichasDePersonagens\FichasDePersonagens.csproj", "{22EE50BB-1CFE-4054-8B51-3D6AE505B941}"
EndProject
Global
	GlobalSection(SolutionConfigurationPlatforms) = preSolution
		Debug|Any CPU = Debug|Any CPU
		Release|Any CPU = Release|Any CPU
	EndGlobalSection
	GlobalSection(ProjectConfigurationPlatforms) = postSolution
		{22EE50BB-1CFE-4054-8B51-3D6AE505B941}.Debug|Any CPU.ActiveCfg = Debug|Any CPU
		{22EE50BB-1CFE-4054-8B51-3D6AE505B941}.Debug|Any CPU.Build.0 = Debug|Any CPU
		{22EE50BB-1CFE-4054-8B51-3D6AE505B941}.Release|Any CPU.ActiveCfg = Release|Any CPU
		{22EE50BB-1CFE-4054-8B51-3D6AE505B941}.Release|Any CPU.Build.0 = Release|Any CPU
	EndGlobalSection
	GlobalSection(SolutionProperties) = preSolution
		HideSolutionNode = FALSE
	EndGlobalSection
	GlobalSection(ExtensibilityGlobals) = postSolution
		SolutionGuid = {FB8D03E3-7F6C-42C3-B69B-5D301C102BF2}
	EndGlobalSection
EndGlobal
